
Microsoft Visual Studio Solution File, Format Version 12.00
# Visual Studio Version 17
VisualStudioVersion = 17.2.32616.157
MinimumVisualStudioVersion = 10.0.40219.1
Project("{FAE04EC0-301F-11D3-BF4B-00C04F79EFBC}") = "ConsoleApp1", "ConsoleApp1\ConsoleApp1.csproj", "{A7028AE7-6B81-472E-9FD6-CD8AAC797BE1}"
EndProject
Global
	GlobalSection(SolutionConfigurationPlatforms) = preSolution
		Debug|Any CPU = Debug|Any CPU
		Release|Any CPU = Release|Any CPU
	EndGlobalSection
	GlobalSection(ProjectConfigurationPlatforms) = postSolution
		{A7028AE7-6B81-472E-9FD6-CD8AAC797BE1}.Debug|Any CPU.ActiveCfg = Debug|Any CPU
		{A7028AE7-6B81-472E-9FD6-CD8AAC797BE1}.Debug|Any CPU.Build.0 = Debug|Any CPU
		{A7028AE7-6B81-472E-9FD6-CD8AAC797BE1}.Release|Any CPU.ActiveCfg = Release|Any CPU
		{A7028AE7-6B81-472E-9FD6-CD8AAC797BE1}.Release|Any CPU.Build.0 = Release|Any CPU
	EndGlobalSection
	GlobalSection(SolutionProperties) = preSolution
		HideSolutionNode = FALSE
	EndGlobalSection
	GlobalSection(ExtensibilityGlobals) = postSolution
		SolutionGuid = {ADC80D6E-5935-4673-BA5E-7BC11DC57A08}
	EndGlobalSection
EndGlobal
